github.com/coregx/ahocorasick v0.1.0 h1:CiCQwQ/Gu6pahlO3u4jrPo8q0Tb8pLknU7tzqiLRZcw=
github.com/coregx/ahocorasick v0.1.0/go.mod h1:SDcS9KTiwLP8FHNpYSO3Q3mRqrK8SYJAYpygrhcIils=
github.com/coregx/coregex v0.9.5 h1:Sz5rfaoulgmuUSFo9VQSwgFXAxdNX6GpS5zsJe2u39E=
github.com/coregx/coregex v0.9.5/go.mod h1:fsGUTSYeec/urGp+v6Wgyga02imb/+CXUrlV1xe5CuQ=
golang.org/x/sys v0.39.0 h1:CvCKL8MeisomCi6qNZ+wbb0DN9E5AATixKsvNtMoMFk=
golang.org/x/sys v0.39.0/go.mod h1:OgkHotnGiDImocRcuBABYBEXf8A9a87e/uXjp9XT3ks=
