github.com/coregx/ahocorasick v0.1.0 h1:CiCQwQ/Gu6pahlO3u4jrPo8q0Tb8pLknU7tzqiLRZcw=
github.com/coregx/ahocorasick v0.1.0/go.mod h1:SDcS9KTiwLP8FHNpYSO3Q3mRqrK8SYJAYpygrhcIils=
github.com/coregx/coregex v0.12.8 h1:RHpgDjGPqF/iOL78iEQo0vEzzCWaLz3uEySXOvxgAQg=
github.com/coregx/coregex v0.12.8/go.mod h1:K+BrFVuOaFseP4gc4/d/GveYFe4JB95FHW3kNNJaTXg=
golang.org/x/sys v0.42.0 h1:omrd2nAlyT5ESRdCLYdm3+fMfNFE/+Rf4bDIQImRJeo=
golang.org/x/sys v0.42.0/go.mod h1:4GL1E5IUh+htKOUEOaiffhrAeqysfVGipDYzABqnCmw=
